
Microsoft Visual Studio Solution File, Format Version 12.00
# Visual Studio Version 16
VisualStudioVersion = 16.0.29306.81
MinimumVisualStudioVersion = 10.0.40219.1
Project("{FAE04EC0-301F-11D3-BF4B-00C04F79EFBC}") = "UKChinaTravel", "UKChinaTravel\UKChinaTravel.csproj", "{D174FEC6-08B1-4D7A-90B4-FE8F856B92B4}"
EndProject
Project("{FAE04EC0-301F-11D3-BF4B-00C04F79EFBC}") = "BusinessLib", "BusinessLib\BusinessLib.csproj", "{3FA4845D-7A6B-4FAD-BC96-038D9DA3D1B1}"
EndProject
Global
	GlobalSection(SolutionConfigurationPlatforms) = preSolution
		Debug|Any CPU = Debug|Any CPU
		Release|Any CPU = Release|Any CPU
	EndGlobalSection
	GlobalSection(ProjectConfigurationPlatforms) = postSolution
		{D174FEC6-08B1-4D7A-90B4-FE8F856B92B4}.Debug|Any CPU.ActiveCfg = Debug|Any CPU
		{D174FEC6-08B1-4D7A-90B4-FE8F856B92B4}.Debug|Any CPU.Build.0 = Debug|Any CPU
		{D174FEC6-08B1-4D7A-90B4-FE8F856B92B4}.Release|Any CPU.ActiveCfg = Release|Any CPU
		{D174FEC6-08B1-4D7A-90B4-FE8F856B92B4}.Release|Any CPU.Build.0 = Release|Any CPU
		{3FA4845D-7A6B-4FAD-BC96-038D9DA3D1B1}.Debug|Any CPU.ActiveCfg = Debug|Any CPU
		{3FA4845D-7A6B-4FAD-BC96-038D9DA3D1B1}.Debug|Any CPU.Build.0 = Debug|Any CPU
		{3FA4845D-7A6B-4FAD-BC96-038D9DA3D1B1}.Release|Any CPU.ActiveCfg = Release|Any CPU
		{3FA4845D-7A6B-4FAD-BC96-038D9DA3D1B1}.Release|Any CPU.Build.0 = Release|Any CPU
	EndGlobalSection
	GlobalSection(SolutionProperties) = preSolution
		HideSolutionNode = FALSE
	EndGlobalSection
	GlobalSection(ExtensibilityGlobals) = postSolution
		SolutionGuid = {A64C6AFB-5275-4A6E-8449-827A980210C9}
	EndGlobalSection
EndGlobal
